
Microsoft Visual Studio Solution File, Format Version 12.00
# Visual Studio Version 17
VisualStudioVersion = 17.14.36127.28 d17.14
MinimumVisualStudioVersion = 10.0.40219.1
Project("{FAE04EC0-301F-11D3-BF4B-00C04F79EFBC}") = "Prog_Soma_ATT", "Prog_Soma_ATT.csproj", "{6E6F79E0-0951-472B-BD06-A8214C80AF66}"
EndProject
Global
	GlobalSection(SolutionConfigurationPlatforms) = preSolution
		Debug|Any CPU = Debug|Any CPU
		Release|Any CPU = Release|Any CPU
	EndGlobalSection
	GlobalSection(ProjectConfigurationPlatforms) = postSolution
		{6E6F79E0-0951-472B-BD06-A8214C80AF66}.Debug|Any CPU.ActiveCfg = Debug|Any CPU
		{6E6F79E0-0951-472B-BD06-A8214C80AF66}.Debug|Any CPU.Build.0 = Debug|Any CPU
		{6E6F79E0-0951-472B-BD06-A8214C80AF66}.Release|Any CPU.ActiveCfg = Release|Any CPU
		{6E6F79E0-0951-472B-BD06-A8214C80AF66}.Release|Any CPU.Build.0 = Release|Any CPU
	EndGlobalSection
	GlobalSection(SolutionProperties) = preSolution
		HideSolutionNode = FALSE
	EndGlobalSection
	GlobalSection(ExtensibilityGlobals) = postSolution
		SolutionGuid = {8AC36190-3ED0-4328-8797-1C6460FF1201}
	EndGlobalSection
EndGlobal
